
Microsoft Visual Studio Solution File, Format Version 12.00
# Visual Studio 2013
VisualStudioVersion = 12.0.31101.0
MinimumVisualStudioVersion = 10.0.40219.1
Project("{FAE04EC0-301F-11D3-BF4B-00C04F79EFBC}") = "EarlMini.Core", "EarlMini.Core\EarlMini.Core.csproj", "{25A9F5AA-998F-402E-BCDB-CE18B03E4E00}"
EndProject
Project("{FAE04EC0-301F-11D3-BF4B-00C04F79EFBC}") = "EarlMini.Tests", "EarlMini.Tests\EarlMini.Tests.csproj", "{4E4AD13F-B5D9-497B-A3CD-0A534213C847}"
EndProject
Project("{FAE04EC0-301F-11D3-BF4B-00C04F79EFBC}") = "EarlMini.Api", "EarlMini.Api\EarlMini.Api.csproj", "{F623948E-7177-4F9D-BBF1-2DCF9DB74E01}"
EndProject
Project("{2150E333-8FDC-42A3-9474-1A3956D46DE8}") = "Files", "Files", "{3A1C4FE9-991D-4D12-801D-D2B03601E8F3}"
	ProjectSection(SolutionItems) = preProject
		..\.gitignore = ..\.gitignore
		..\LICENSE.md = ..\LICENSE.md
		README.md = README.md
		Tables.sql = Tables.sql
	EndProjectSection
EndProject
Global
	GlobalSection(SolutionConfigurationPlatforms) = preSolution
		Debug|Any CPU = Debug|Any CPU
		Release|Any CPU = Release|Any CPU
	EndGlobalSection
	GlobalSection(ProjectConfigurationPlatforms) = postSolution
		{25A9F5AA-998F-402E-BCDB-CE18B03E4E00}.Debug|Any CPU.ActiveCfg = Debug|Any CPU
		{25A9F5AA-998F-402E-BCDB-CE18B03E4E00}.Debug|Any CPU.Build.0 = Debug|Any CPU
		{25A9F5AA-998F-402E-BCDB-CE18B03E4E00}.Release|Any CPU.ActiveCfg = Release|Any CPU
		{25A9F5AA-998F-402E-BCDB-CE18B03E4E00}.Release|Any CPU.Build.0 = Release|Any CPU
		{4E4AD13F-B5D9-497B-A3CD-0A534213C847}.Debug|Any CPU.ActiveCfg = Debug|Any CPU
		{4E4AD13F-B5D9-497B-A3CD-0A534213C847}.Debug|Any CPU.Build.0 = Debug|Any CPU
		{4E4AD13F-B5D9-497B-A3CD-0A534213C847}.Release|Any CPU.ActiveCfg = Release|Any CPU
		{4E4AD13F-B5D9-497B-A3CD-0A534213C847}.Release|Any CPU.Build.0 = Release|Any CPU
		{F623948E-7177-4F9D-BBF1-2DCF9DB74E01}.Debug|Any CPU.ActiveCfg = Debug|Any CPU
		{F623948E-7177-4F9D-BBF1-2DCF9DB74E01}.Debug|Any CPU.Build.0 = Debug|Any CPU
		{F623948E-7177-4F9D-BBF1-2DCF9DB74E01}.Release|Any CPU.ActiveCfg = Release|Any CPU
		{F623948E-7177-4F9D-BBF1-2DCF9DB74E01}.Release|Any CPU.Build.0 = Release|Any CPU
	EndGlobalSection
	GlobalSection(SolutionProperties) = preSolution
		HideSolutionNode = FALSE
	EndGlobalSection
EndGlobal
